# This file is automatically @generated by Cargo.
# It is not intended for manual editing.
version = 4

[[package]]
name = "cells"
version = "0.1.0"
dependencies = [
 "cplug-abi",
 "cplug-sdk",
]

[[package]]
name = "cplug-abi"
version = "2.0.0"

[[package]]
name = "cplug-sdk"
version = "0.1.0"
dependencies = [
 "cplug-abi",
 "jvmti-bindings",
]

[[package]]
name = "jvmti-bindings"
version = "2.2.1"
source = "registry+https://github.com/rust-lang/crates.io-index"
checksum = "2cc908ca93ef9c66d92d7ae9dd20c19d0806bb8d01decdecede1e7c093f151cd"
